# This file is autogenerated, do not edit; changes may be undone by the next 'dep ensure'.


[[projects]]
  name = "github.com/Knetic/govaluate"
  packages = ["."]
  revision = "d216395917cc49052c7c7094cf57f09657ca08a8"
  version = "v3.0.0"

[solve-meta]
  analyzer-name = "dep"
  analyzer-version = 1
  inputs-digest = "8bed9421a6d7858b9281a2a5c6e025bbba6f6b332b465454028bfaf6319a1d4b"
  solver-name = "gps-cdcl"
  solver-version = 1
